
Microsoft Visual Studio Solution File, Format Version 12.00
# Visual Studio Version 16
VisualStudioVersion = 16.0.31129.286
MinimumVisualStudioVersion = 10.0.40219.1
Project("{FAE04EC0-301F-11D3-BF4B-00C04F79EFBC}") = "sumOfDiffBWProductLCM", "sumOfDiffBWProductLCM.csproj", "{4AE7ED8D-5993-48DB-9FB8-B88334CE5605}"
EndProject
Global
	GlobalSection(SolutionConfigurationPlatforms) = preSolution
		Debug|Any CPU = Debug|Any CPU
		Release|Any CPU = Release|Any CPU
	EndGlobalSection
	GlobalSection(ProjectConfigurationPlatforms) = postSolution
		{4AE7ED8D-5993-48DB-9FB8-B88334CE5605}.Debug|Any CPU.ActiveCfg = Debug|Any CPU
		{4AE7ED8D-5993-48DB-9FB8-B88334CE5605}.Debug|Any CPU.Build.0 = Debug|Any CPU
		{4AE7ED8D-5993-48DB-9FB8-B88334CE5605}.Release|Any CPU.ActiveCfg = Release|Any CPU
		{4AE7ED8D-5993-48DB-9FB8-B88334CE5605}.Release|Any CPU.Build.0 = Release|Any CPU
	EndGlobalSection
	GlobalSection(SolutionProperties) = preSolution
		HideSolutionNode = FALSE
	EndGlobalSection
	GlobalSection(ExtensibilityGlobals) = postSolution
		SolutionGuid = {055B52D3-FE0E-48A1-B290-2BBD77AAC665}
	EndGlobalSection
EndGlobal
